
Microsoft Visual Studio Solution File, Format Version 12.00
# Visual Studio Version 17
VisualStudioVersion = 17.7.34202.233
MinimumVisualStudioVersion = 10.0.40219.1
Project("{FAE04EC0-301F-11D3-BF4B-00C04F79EFBC}") = "DenemeProje", "DenemeProje.csproj", "{6A0C993A-B793-4071-B032-945EC4B0C27B}"
EndProject
Global
	GlobalSection(SolutionConfigurationPlatforms) = preSolution
		Debug|Any CPU = Debug|Any CPU
		Release|Any CPU = Release|Any CPU
	EndGlobalSection
	GlobalSection(ProjectConfigurationPlatforms) = postSolution
		{6A0C993A-B793-4071-B032-945EC4B0C27B}.Debug|Any CPU.ActiveCfg = Debug|Any CPU
		{6A0C993A-B793-4071-B032-945EC4B0C27B}.Debug|Any CPU.Build.0 = Debug|Any CPU
		{6A0C993A-B793-4071-B032-945EC4B0C27B}.Release|Any CPU.ActiveCfg = Release|Any CPU
		{6A0C993A-B793-4071-B032-945EC4B0C27B}.Release|Any CPU.Build.0 = Release|Any CPU
	EndGlobalSection
	GlobalSection(SolutionProperties) = preSolution
		HideSolutionNode = FALSE
	EndGlobalSection
	GlobalSection(ExtensibilityGlobals) = postSolution
		SolutionGuid = {2B40C3C4-76CE-43C1-B2F9-8EE7A75AE303}
	EndGlobalSection
EndGlobal
